
Microsoft Visual Studio Solution File, Format Version 12.00
# Visual Studio Version 17
VisualStudioVersion = 17.4.33110.190
MinimumVisualStudioVersion = 10.0.40219.1
Project("{FAE04EC0-301F-11D3-BF4B-00C04F79EFBC}") = "HesapMakinesi", "HesapMakinesi\HesapMakinesi.csproj", "{E9568761-C267-4C59-A340-3B15B39B772A}"
EndProject
Global
	GlobalSection(SolutionConfigurationPlatforms) = preSolution
		Debug|Any CPU = Debug|Any CPU
		Release|Any CPU = Release|Any CPU
	EndGlobalSection
	GlobalSection(ProjectConfigurationPlatforms) = postSolution
		{E9568761-C267-4C59-A340-3B15B39B772A}.Debug|Any CPU.ActiveCfg = Debug|Any CPU
		{E9568761-C267-4C59-A340-3B15B39B772A}.Debug|Any CPU.Build.0 = Debug|Any CPU
		{E9568761-C267-4C59-A340-3B15B39B772A}.Release|Any CPU.ActiveCfg = Release|Any CPU
		{E9568761-C267-4C59-A340-3B15B39B772A}.Release|Any CPU.Build.0 = Release|Any CPU
	EndGlobalSection
	GlobalSection(SolutionProperties) = preSolution
		HideSolutionNode = FALSE
	EndGlobalSection
	GlobalSection(ExtensibilityGlobals) = postSolution
		SolutionGuid = {E89E9EDE-E319-4790-BE30-D1A130FC5CAE}
	EndGlobalSection
EndGlobal
